Microsoft Visual Studio Solution File, Format Version 12.00
# Visual Studio Version 17
VisualStudioVersion = 17.7.34202.233
MinimumVisualStudioVersion = 10.0.40219.1
Project("{9A19103F-16F7-4668-BE54-9A1E7A4F7556}") = "AdvancedBilling.Standard", "AdvancedBilling.Standard\AdvancedBilling.Standard.csproj", "{DE0C1254-CF78-4236-9743-3ED1D72D109B}"
EndProject
Project("{9A19103F-16F7-4668-BE54-9A1E7A4F7556}") = "AdvancedBillingTests", "Tests\AdvancedBillingTests.csproj", "{F5FE10F8-E348-4356-B941-325D6373A1B3}"
EndProject
Global
	GlobalSection(SolutionConfigurationPlatforms) = preSolution
		Debug|Any CPU = Debug|Any CPU
		Release|Any CPU = Release|Any CPU
	EndGlobalSection
	GlobalSection(ProjectConfigurationPlatforms) = postSolution
		{DE0C1254-CF78-4236-9743-3ED1D72D109B}.Debug|Any CPU.ActiveCfg = Debug|Any CPU
		{DE0C1254-CF78-4236-9743-3ED1D72D109B}.Debug|Any CPU.Build.0 = Debug|Any CPU
		{DE0C1254-CF78-4236-9743-3ED1D72D109B}.Release|Any CPU.ActiveCfg = Release|Any CPU
		{DE0C1254-CF78-4236-9743-3ED1D72D109B}.Release|Any CPU.Build.0 = Release|Any CPU
		{F5FE10F8-E348-4356-B941-325D6373A1B3}.Debug|Any CPU.ActiveCfg = Debug|Any CPU
		{F5FE10F8-E348-4356-B941-325D6373A1B3}.Debug|Any CPU.Build.0 = Debug|Any CPU
		{F5FE10F8-E348-4356-B941-325D6373A1B3}.Release|Any CPU.ActiveCfg = Release|Any CPU
		{F5FE10F8-E348-4356-B941-325D6373A1B3}.Release|Any CPU.Build.0 = Release|Any CPU
	EndGlobalSection
	GlobalSection(SolutionProperties) = preSolution
		HideSolutionNode = FALSE
	EndGlobalSection
EndGlobal
