Microsoft Visual Studio Solution File, Format Version 12.00
# Visual Studio Version 17
VisualStudioVersion = 17.7.34202.233
MinimumVisualStudioVersion = 10.0.40219.1
Project("{9A19103F-16F7-4668-BE54-9A1E7A4F7556}") = "AdvancedBilling.Standard", "AdvancedBilling.Standard\AdvancedBilling.Standard.csproj", "{733A0F1F-276B-4C3F-BAB7-E8BDAE46F8CD}"
EndProject
Project("{9A19103F-16F7-4668-BE54-9A1E7A4F7556}") = "AdvancedBillingTests", "Tests\AdvancedBillingTests.csproj", "{B4DAB31D-94CC-484B-B08A-B01D64C3ED5F}"
EndProject
Global
	GlobalSection(SolutionConfigurationPlatforms) = preSolution
		Debug|Any CPU = Debug|Any CPU
		Release|Any CPU = Release|Any CPU
	EndGlobalSection
	GlobalSection(ProjectConfigurationPlatforms) = postSolution
		{733A0F1F-276B-4C3F-BAB7-E8BDAE46F8CD}.Debug|Any CPU.ActiveCfg = Debug|Any CPU
		{733A0F1F-276B-4C3F-BAB7-E8BDAE46F8CD}.Debug|Any CPU.Build.0 = Debug|Any CPU
		{733A0F1F-276B-4C3F-BAB7-E8BDAE46F8CD}.Release|Any CPU.ActiveCfg = Release|Any CPU
		{733A0F1F-276B-4C3F-BAB7-E8BDAE46F8CD}.Release|Any CPU.Build.0 = Release|Any CPU
		{B4DAB31D-94CC-484B-B08A-B01D64C3ED5F}.Debug|Any CPU.ActiveCfg = Debug|Any CPU
		{B4DAB31D-94CC-484B-B08A-B01D64C3ED5F}.Debug|Any CPU.Build.0 = Debug|Any CPU
		{B4DAB31D-94CC-484B-B08A-B01D64C3ED5F}.Release|Any CPU.ActiveCfg = Release|Any CPU
		{B4DAB31D-94CC-484B-B08A-B01D64C3ED5F}.Release|Any CPU.Build.0 = Release|Any CPU
	EndGlobalSection
	GlobalSection(SolutionProperties) = preSolution
		HideSolutionNode = FALSE
	EndGlobalSection
	GlobalSection(ExtensibilityGlobals) = postSolution
		SolutionGuid = {5767B56A-B3B2-4C11-B8BA-7B9F0AC56302}
	EndGlobalSection
EndGlobal
